// !$*UTF8*$!
{
	archiveVersion = 1;
	classes = {
	};
	objectVersion = 46;
	objects = {

/* Begin PBXBuildFile section */
		27816D461A856155009DF44B /* private.plist in Resources */ = {isa = PBXBuildFile; fileRef = 27816D451A856155009DF44B /* private.plist */; };
		27816D491A85622A009DF44B /* .gitignore in Resources */ = {isa = PBXBuildFile; fileRef = 27816D471A85622A009DF44B /* .gitignore */; };
		27816D4A1A85622A009DF44B /* .ruby-version in Resources */ = {isa = PBXBuildFile; fileRef = 27816D481A85622A009DF44B /* .ruby-version */; };
		27816D4C1A856283009DF44B /* private.plist.example in Resources */ = {isa = PBXBuildFile; fileRef = 27816D4B1A856283009DF44B /* private.plist.example */; };
		27816D4F1A8570BA009DF44B /* top_rentals.json in Resources */ = {isa = PBXBuildFile; fileRef = 27816D4E1A8570BA009DF44B /* top_rentals.json */; };
		27816D511A857406009DF44B /* MovieTableViewCell.swift in Sources */ = {isa = PBXBuildFile; fileRef = 27816D501A857406009DF44B /* MovieTableViewCell.swift */; };
		27BCA0211A870FB30062BA19 /* SVProgressHUD.bundle in Resources */ = {isa = PBXBuildFile; fileRef = 27BCA0201A870FB30062BA19 /* SVProgressHUD.bundle */; };
		27BCA0231A8714B90062BA19 /* ErrorTableViewCell.swift in Sources */ = {isa = PBXBuildFile; fileRef = 27BCA0221A8714B90062BA19 /* ErrorTableViewCell.swift */; };
		27BCA0251A872EB90062BA19 /* README.md in Sources */ = {isa = PBXBuildFile; fileRef = 27BCA0241A872EB90062BA19 /* README.md */; };
		27BCA0281A8730EE0062BA19 /* demo.gif in Resources */ = {isa = PBXBuildFile; fileRef = 27BCA0261A8730EE0062BA19 /* demo.gif */; };
		27BCA0291A8730EE0062BA19 /* LICENSE in Resources */ = {isa = PBXBuildFile; fileRef = 27BCA0271A8730EE0062BA19 /* LICENSE */; };
		27DE7B3F1A854C34009A6B17 /* AppDelegate.swift in Sources */ = {isa = PBXBuildFile; fileRef = 27DE7B3E1A854C34009A6B17 /* AppDelegate.swift */; };
		27DE7B411A854C34009A6B17 /* MovieTableViewController.swift in Sources */ = {isa = PBXBuildFile; fileRef = 27DE7B401A854C34009A6B17 /* MovieTableViewController.swift */; };
		27DE7B441A854C34009A6B17 /* Main.storyboard in Resources */ = {isa = PBXBuildFile; fileRef = 27DE7B421A854C34009A6B17 /* Main.storyboard */; };
		27DE7B491A854C34009A6B17 /* LaunchScreen.xib in Resources */ = {isa = PBXBuildFile; fileRef = 27DE7B471A854C34009A6B17 /* LaunchScreen.xib */; };
		27DE7B551A854C34009A6B17 /* codepath_assignment1Tests.swift in Sources */ = {isa = PBXBuildFile; fileRef = 27DE7B541A854C34009A6B17 /* codepath_assignment1Tests.swift */; };
		27DE7B651A855C67009A6B17 /* Images.xcassets in Resources */ = {isa = PBXBuildFile; fileRef = 27DE7B641A855C67009A6B17 /* Images.xcassets */; };
		27EF51361A86DB6700768D99 /* MovieDetailsViewController.swift in Sources */ = {isa = PBXBuildFile; fileRef = 27EF51351A86DB6700768D99 /* MovieDetailsViewController.swift */; };
		F455FEA5CE062E817E3D45E4 /* Pods.framework in Frameworks */ = {isa = PBXBuildFile; fileRef = 022C9289B997000E5726CADD /* Pods.framework */; settings = {ATTRIBUTES = (Weak, ); }; };
/* End PBXBuildFile section */

/* Begin PBXContainerItemProxy section */
		27DE7B4F1A854C34009A6B17 /* PBXContainerItemProxy */ = {
			isa = PBXContainerItemProxy;
			containerPortal = 27DE7B311A854C34009A6B17 /* Project object */;
			proxyType = 1;
			remoteGlobalIDString = 27DE7B381A854C34009A6B17;
			remoteInfo = "codepath-assignment1";
		};
/* End PBXContainerItemProxy section */

/* Begin PBXFileReference section */
		022C9289B997000E5726CADD /* Pods.framework */ = {isa = PBXFileReference; explicitFileType = wrapper.framework; includeInIndex = 0; path = Pods.framework; sourceTree = BUILT_PRODUCTS_DIR; };
		27816D451A856155009DF44B /* private.plist */ = {isa = PBXFileReference; fileEncoding = 4; lastKnownFileType = text.plist.xml; path = private.plist; sourceTree = "<group>"; };
		27816D471A85622A009DF44B /* .gitignore */ = {isa = PBXFileReference; fileEncoding = 4; lastKnownFileType = text; path = .gitignore; sourceTree = "<group>"; };
		27816D481A85622A009DF44B /* .ruby-version */ = {isa = PBXFileReference; fileEncoding = 4; lastKnownFileType = text; path = ".ruby-version"; sourceTree = "<group>"; };
		27816D4B1A856283009DF44B /* private.plist.example */ = {isa = PBXFileReference; fileEncoding = 4; lastKnownFileType = text.xml; path = private.plist.example; sourceTree = "<group>"; };
		27816D4D1A8562F2009DF44B /* private.playground */ = {isa = PBXFileReference; lastKnownFileType = file.playground; path = private.playground; sourceTree = "<group>"; };
		27816D4E1A8570BA009DF44B /* top_rentals.json */ = {isa = PBXFileReference; fileEncoding = 4; lastKnownFileType = text.json; path = top_rentals.json; sourceTree = "<group>"; };
		27816D501A857406009DF44B /* MovieTableViewCell.swift */ = {isa = PBXFileReference; fileEncoding = 4; lastKnownFileType = sourcecode.swift; path = MovieTableViewCell.swift; sourceTree = "<group>"; };
		27BCA0201A870FB30062BA19 /* SVProgressHUD.bundle */ = {isa = PBXFileReference; lastKnownFileType = "wrapper.plug-in"; name = SVProgressHUD.bundle; path = Pods/SVProgressHUD/SVProgressHUD/SVProgressHUD.bundle; sourceTree = "<group>"; };
		27BCA0221A8714B90062BA19 /* ErrorTableViewCell.swift */ = {isa = PBXFileReference; fileEncoding = 4; lastKnownFileType = sourcecode.swift; path = ErrorTableViewCell.swift; sourceTree = "<group>"; };
		27BCA0241A872EB90062BA19 /* README.md */ = {isa = PBXFileReference; fileEncoding = 4; lastKnownFileType = net.daringfireball.markdown; path = README.md; sourceTree = "<group>"; };
		27BCA0261A8730EE0062BA19 /* demo.gif */ = {isa = PBXFileReference; lastKnownFileType = image.gif; path = demo.gif; sourceTree = "<group>"; };
		27BCA0271A8730EE0062BA19 /* LICENSE */ = {isa = PBXFileReference; fileEncoding = 4; lastKnownFileType = text; path = LICENSE; sourceTree = "<group>"; };
		27C5B0E01A86D39800F5B3B7 /* codepath-assignment1-Bridging-Header.h */ = {isa = PBXFileReference; fileEncoding = 4; lastKnownFileType = sourcecode.c.h; path = "codepath-assignment1-Bridging-Header.h"; sourceTree = "<group>"; };
		27DE7B391A854C34009A6B17 /* codepath-assignment1.app */ = {isa = PBXFileReference; explicitFileType = wrapper.application; includeInIndex = 0; path = "codepath-assignment1.app"; sourceTree = BUILT_PRODUCTS_DIR; };
		27DE7B3D1A854C34009A6B17 /* Info.plist */ = {isa = PBXFileReference; lastKnownFileType = text.plist.xml; path = Info.plist; sourceTree = "<group>"; };
		27DE7B3E1A854C34009A6B17 /* AppDelegate.swift */ = {isa = PBXFileReference; lastKnownFileType = sourcecode.swift; path = AppDelegate.swift; sourceTree = "<group>"; };
		27DE7B401A854C34009A6B17 /* MovieTableViewController.swift */ = {isa = PBXFileReference; lastKnownFileType = sourcecode.swift; path = MovieTableViewController.swift; sourceTree = "<group>"; };
		27DE7B431A854C34009A6B17 /* Base */ = {isa = PBXFileReference; lastKnownFileType = file.storyboard; name = Base; path = Base.lproj/Main.storyboard; sourceTree = "<group>"; };
		27DE7B481A854C34009A6B17 /* Base */ = {isa = PBXFileReference; lastKnownFileType = file.xib; name = Base; path = Base.lproj/LaunchScreen.xib; sourceTree = "<group>"; };
		27DE7B4E1A854C34009A6B17 /* codepath-assignment1Tests.xctest */ = {isa = PBXFileReference; explicitFileType = wrapper.cfbundle; includeInIndex = 0; path = "codepath-assignment1Tests.xctest"; sourceTree = BUILT_PRODUCTS_DIR; };
		27DE7B531A854C34009A6B17 /* Info.plist */ = {isa = PBXFileReference; lastKnownFileType = text.plist.xml; path = Info.plist; sourceTree = "<group>"; };
		27DE7B541A854C34009A6B17 /* codepath_assignment1Tests.swift */ = {isa = PBXFileReference; lastKnownFileType = sourcecode.swift; path = codepath_assignment1Tests.swift; sourceTree = "<group>"; };
		27DE7B641A855C67009A6B17 /* Images.xcassets */ = {isa = PBXFileReference; lastKnownFileType = folder.assetcatalog; path = Images.xcassets; sourceTree = "<group>"; };
		27EF51351A86DB6700768D99 /* MovieDetailsViewController.swift */ = {isa = PBXFileReference; fileEncoding = 4; lastKnownFileType = sourcecode.swift; path = MovieDetailsViewController.swift; sourceTree = "<group>"; };
		4DEBA81495A6A131C82FC546 /* Pods.release.xcconfig */ = {isa = PBXFileReference; includeInIndex = 1; lastKnownFileType = text.xcconfig; name = Pods.release.xcconfig; path = "Pods/Target Support Files/Pods/Pods.release.xcconfig"; sourceTree = "<group>"; };
		52562B0DA4F534F263DD7BF0 /* Pods.debug.xcconfig */ = {isa = PBXFileReference; includeInIndex = 1; lastKnownFileType = text.xcconfig; name = Pods.debug.xcconfig; path = "Pods/Target Support Files/Pods/Pods.debug.xcconfig"; sourceTree = "<group>"; };
/* End PBXFileReference section */

/* Begin PBXFrameworksBuildPhase section */
		27DE7B361A854C34009A6B17 /* Frameworks */ = {
			isa = PBXFrameworksBuildPhase;
			buildActionMask = 2147483647;
			files = (
				F455FEA5CE062E817E3D45E4 /* Pods.framework in Frameworks */,
			);
			runOnlyForDeploymentPostprocessing = 0;
		};
		27DE7B4B1A854C34009A6B17 /* Frameworks */ = {
			isa = PBXFrameworksBuildPhase;
			buildActionMask = 2147483647;
			files = (
			);
			runOnlyForDeploymentPostprocessing = 0;
		};
/* End PBXFrameworksBuildPhase section */

/* Begin PBXGroup section */
		27DE7B301A854C34009A6B17 = {
			isa = PBXGroup;
			children = (
				27BCA0241A872EB90062BA19 /* README.md */,
				27BCA0261A8730EE0062BA19 /* demo.gif */,
				27BCA0271A8730EE0062BA19 /* LICENSE */,
				27BCA0201A870FB30062BA19 /* SVProgressHUD.bundle */,
				27C5B0E01A86D39800F5B3B7 /* codepath-assignment1-Bridging-Header.h */,
				27816D4D1A8562F2009DF44B /* private.playground */,
				27816D4E1A8570BA009DF44B /* top_rentals.json */,
				27816D471A85622A009DF44B /* .gitignore */,
				27816D481A85622A009DF44B /* .ruby-version */,
				27816D451A856155009DF44B /* private.plist */,
				27816D4B1A856283009DF44B /* private.plist.example */,
				27DE7B3B1A854C34009A6B17 /* codepath-assignment1 */,
				27DE7B511A854C34009A6B17 /* codepath-assignment1Tests */,
				27DE7B3A1A854C34009A6B17 /* Products */,
				56B6E4192DCB8A085FFC2A4E /* Pods */,
				331846EE08719D36E78D0B59 /* Frameworks */,
			);
			sourceTree = "<group>";
		};
		27DE7B3A1A854C34009A6B17 /* Products */ = {
			isa = PBXGroup;
			children = (
				27DE7B391A854C34009A6B17 /* codepath-assignment1.app */,
				27DE7B4E1A854C34009A6B17 /* codepath-assignment1Tests.xctest */,
			);
			name = Products;
			sourceTree = "<group>";
		};
		27DE7B3B1A854C34009A6B17 /* codepath-assignment1 */ = {
			isa = PBXGroup;
			children = (
				27DE7B641A855C67009A6B17 /* Images.xcassets */,
				27DE7B3E1A854C34009A6B17 /* AppDelegate.swift */,
				27DE7B401A854C34009A6B17 /* MovieTableViewController.swift */,
				27EF51351A86DB6700768D99 /* MovieDetailsViewController.swift */,
				27DE7B421A854C34009A6B17 /* Main.storyboard */,
				27BCA0221A8714B90062BA19 /* ErrorTableViewCell.swift */,
				27DE7B471A854C34009A6B17 /* LaunchScreen.xib */,
				27DE7B3C1A854C34009A6B17 /* Supporting Files */,
				27816D501A857406009DF44B /* MovieTableViewCell.swift */,
			);
			path = "codepath-assignment1";
			sourceTree = "<group>";
		};
		27DE7B3C1A854C34009A6B17 /* Supporting Files */ = {
			isa = PBXGroup;
			children = (
				27DE7B3D1A854C34009A6B17 /* Info.plist */,
			);
			name = "Supporting Files";
			sourceTree = "<group>";
		};
		27DE7B511A854C34009A6B17 /* codepath-assignment1Tests */ = {
			isa = PBXGroup;
			children = (
				27DE7B541A854C34009A6B17 /* codepath_assignment1Tests.swift */,
				27DE7B521A854C34009A6B17 /* Supporting Files */,
			);
			path = "codepath-assignment1Tests";
			sourceTree = "<group>";
		};
		27DE7B521A854C34009A6B17 /* Supporting Files */ = {
			isa = PBXGroup;
			children = (
				27DE7B531A854C34009A6B17 /* Info.plist */,
			);
			name = "Supporting Files";
			sourceTree = "<group>";
		};
		331846EE08719D36E78D0B59 /* Frameworks */ = {
			isa = PBXGroup;
			children = (
				022C9289B997000E5726CADD /* Pods.framework */,
			);
			name = Frameworks;
			sourceTree = "<group>";
		};
		56B6E4192DCB8A085FFC2A4E /* Pods */ = {
			isa = PBXGroup;
			children = (
				52562B0DA4F534F263DD7BF0 /* Pods.debug.xcconfig */,
				4DEBA81495A6A131C82FC546 /* Pods.release.xcconfig */,
			);
			name = Pods;
			sourceTree = "<group>";
		};
/* End PBXGroup section */

/* Begin PBXNativeTarget section */
		27DE7B381A854C34009A6B17 /* codepath-assignment1 */ = {
			isa = PBXNativeTarget;
			buildConfigurationList = 27DE7B581A854C34009A6B17 /* Build configuration list for PBXNativeTarget "codepath-assignment1" */;
			buildPhases = (
				E34431961EA6F13D30FEB271 /* Check Pods Manifest.lock */,
				27DE7B351A854C34009A6B17 /* Sources */,
				27DE7B361A854C34009A6B17 /* Frameworks */,
				27DE7B371A854C34009A6B17 /* Resources */,
				27F219E7FCFE05E1C8F4D2BF /* Copy Pods Resources */,
				BFE03389D83D987A3F57E7B3 /* Embed Pods Frameworks */,
			);
			buildRules = (
			);
			dependencies = (
			);
			name = "codepath-assignment1";
			productName = "codepath-assignment1";
			productReference = 27DE7B391A854C34009A6B17 /* codepath-assignment1.app */;
			productType = "com.apple.product-type.application";
		};
		27DE7B4D1A854C34009A6B17 /* codepath-assignment1Tests */ = {
			isa = PBXNativeTarget;
			buildConfigurationList = 27DE7B5B1A854C34009A6B17 /* Build configuration list for PBXNativeTarget "codepath-assignment1Tests" */;
			buildPhases = (
				27DE7B4A1A854C34009A6B17 /* Sources */,
				27DE7B4B1A854C34009A6B17 /* Frameworks */,
				27DE7B4C1A854C34009A6B17 /* Resources */,
			);
			buildRules = (
			);
			dependencies = (
				27DE7B501A854C34009A6B17 /* PBXTargetDependency */,
			);
			name = "codepath-assignment1Tests";
			productName = "codepath-assignment1Tests";
			productReference = 27DE7B4E1A854C34009A6B17 /* codepath-assignment1Tests.xctest */;
			productType = "com.apple.product-type.bundle.unit-test";
		};
/* End PBXNativeTarget section */

/* Begin PBXProject section */
		27DE7B311A854C34009A6B17 /* Project object */ = {
			isa = PBXProject;
			attributes = {
				LastUpgradeCheck = 0620;
				ORGANIZATIONNAME = Machel;
				TargetAttributes = {
					27DE7B381A854C34009A6B17 = {
						CreatedOnToolsVersion = 6.2;
						DevelopmentTeam = R4BDQ3WQN7;
					};
					27DE7B4D1A854C34009A6B17 = {
						CreatedOnToolsVersion = 6.2;
						TestTargetID = 27DE7B381A854C34009A6B17;
					};
				};
			};
			buildConfigurationList = 27DE7B341A854C34009A6B17 /* Build configuration list for PBXProject "codepath-assignment1" */;
			compatibilityVersion = "Xcode 3.2";
			developmentRegion = English;
			hasScannedForEncodings = 0;
			knownRegions = (
				en,
				Base,
			);
			mainGroup = 27DE7B301A854C34009A6B17;
			productRefGroup = 27DE7B3A1A854C34009A6B17 /* Products */;
			projectDirPath = "";
			projectRoot = "";
			targets = (
				27DE7B381A854C34009A6B17 /* codepath-assignment1 */,
				27DE7B4D1A854C34009A6B17 /* codepath-assignment1Tests */,
			);
		};
/* End PBXProject section */

/* Begin PBXResourcesBuildPhase section */
		27DE7B371A854C34009A6B17 /* Resources */ = {
			isa = PBXResourcesBuildPhase;
			buildActionMask = 2147483647;
			files = (
				27816D491A85622A009DF44B /* .gitignore in Resources */,
				27BCA0211A870FB30062BA19 /* SVProgressHUD.bundle in Resources */,
				27DE7B651A855C67009A6B17 /* Images.xcassets in Resources */,
				27816D4C1A856283009DF44B /* private.plist.example in Resources */,
				27816D4F1A8570BA009DF44B /* top_rentals.json in Resources */,
				27BCA0291A8730EE0062BA19 /* LICENSE in Resources */,
				27816D4A1A85622A009DF44B /* .ruby-version in Resources */,
				27DE7B441A854C34009A6B17 /* Main.storyboard in Resources */,
				27BCA0281A8730EE0062BA19 /* demo.gif in Resources */,
				27816D461A856155009DF44B /* private.plist in Resources */,
				27DE7B491A854C34009A6B17 /* LaunchScreen.xib in Resources */,
			);
			runOnlyForDeploymentPostprocessing = 0;
		};
		27DE7B4C1A854C34009A6B17 /* Resources */ = {
			isa = PBXResourcesBuildPhase;
			buildActionMask = 2147483647;
			files = (
			);
			runOnlyForDeploymentPostprocessing = 0;
		};
/* End PBXResourcesBuildPhase section */

/* Begin PBXShellScriptBuildPhase section */
		27F219E7FCFE05E1C8F4D2BF /* Copy Pods Resources */ = {
			isa = PBXShellScriptBuildPhase;
			buildActionMask = 2147483647;
			files = (
			);
			inputPaths = (
			);
			name = "Copy Pods Resources";
			outputPaths = (
			);
			runOnlyForDeploymentPostprocessing = 0;
			shellPath = /bin/sh;
			shellScript = "\"${SRCROOT}/Pods/Target Support Files/Pods/Pods-resources.sh\"\n";
			showEnvVarsInLog = 0;
		};
		BFE03389D83D987A3F57E7B3 /* Embed Pods Frameworks */ = {
			isa = PBXShellScriptBuildPhase;
			buildActionMask = 2147483647;
			files = (
			);
			inputPaths = (
			);
			name = "Embed Pods Frameworks";
			outputPaths = (
			);
			runOnlyForDeploymentPostprocessing = 0;
			shellPath = /bin/sh;
			shellScript = "\"${SRCROOT}/Pods/Target Support Files/Pods/Pods-frameworks.sh\"\n";
			showEnvVarsInLog = 0;
		};
		E34431961EA6F13D30FEB271 /* Check Pods Manifest.lock */ = {
			isa = PBXShellScriptBuildPhase;
			buildActionMask = 2147483647;
			files = (
			);
			inputPaths = (
			);
			name = "Check Pods Manifest.lock";
			outputPaths = (
			);
			runOnlyForDeploymentPostprocessing = 0;
			shellPath = /bin/sh;
			shellScript = "diff \"${PODS_ROOT}/../Podfile.lock\" \"${PODS_ROOT}/Manifest.lock\" > /dev/null\nif [[ $? != 0 ]] ; then\n    cat << EOM\nerror: The sandbox is not in sync with the Podfile.lock. Run 'pod install' or update your CocoaPods installation.\nEOM\n    exit 1\nfi\n";
			showEnvVarsInLog = 0;
		};
/* End PBXShellScriptBuildPhase section */

/* Begin PBXSourcesBuildPhase section */
		27DE7B351A854C34009A6B17 /* Sources */ = {
			isa = PBXSourcesBuildPhase;
			buildActionMask = 2147483647;
			files = (
				27BCA0251A872EB90062BA19 /* README.md in Sources */,
				27EF51361A86DB6700768D99 /* MovieDetailsViewController.swift in Sources */,
				27DE7B411A854C34009A6B17 /* MovieTableViewController.swift in Sources */,
				27BCA0231A8714B90062BA19 /* ErrorTableViewCell.swift in Sources */,
				27DE7B3F1A854C34009A6B17 /* AppDelegate.swift in Sources */,
				27816D511A857406009DF44B /* MovieTableViewCell.swift in Sources */,
			);
			runOnlyForDeploymentPostprocessing = 0;
		};
		27DE7B4A1A854C34009A6B17 /* Sources */ = {
			isa = PBXSourcesBuildPhase;
			buildActionMask = 2147483647;
			files = (
				27DE7B551A854C34009A6B17 /* codepath_assignment1Tests.swift in Sources */,
			);
			runOnlyForDeploymentPostprocessing = 0;
		};
/* End PBXSourcesBuildPhase section */

/* Begin PBXTargetDependency section */
		27DE7B501A854C34009A6B17 /* PBXTargetDependency */ = {
			isa = PBXTargetDependency;
			target = 27DE7B381A854C34009A6B17 /* codepath-assignment1 */;
			targetProxy = 27DE7B4F1A854C34009A6B17 /* PBXContainerItemProxy */;
		};
/* End PBXTargetDependency section */

/* Begin PBXVariantGroup section */
		27DE7B421A854C34009A6B17 /* Main.storyboard */ = {
			isa = PBXVariantGroup;
			children = (
				27DE7B431A854C34009A6B17 /* Base */,
			);
			name = Main.storyboard;
			sourceTree = "<group>";
		};
		27DE7B471A854C34009A6B17 /* LaunchScreen.xib */ = {
			isa = PBXVariantGroup;
			children = (
				27DE7B481A854C34009A6B17 /* Base */,
			);
			name = LaunchScreen.xib;
			sourceTree = "<group>";
		};
/* End PBXVariantGroup section */

/* Begin XCBuildConfiguration section */
		27DE7B561A854C34009A6B17 /* Debug */ = {
			isa = XCBuildConfiguration;
			buildSettings = {
				ALWAYS_SEARCH_USER_PATHS = NO;
				CLANG_CXX_LANGUAGE_STANDARD = "gnu++0x";
				CLANG_CXX_LIBRARY = "libc++";
				CLANG_ENABLE_MODULES = YES;
				CLANG_ENABLE_OBJC_ARC = YES;
				CLANG_WARN_BOOL_CONVERSION = YES;
				CLANG_WARN_CONSTANT_CONVERSION = YES;
				CLANG_WARN_DIRECT_OBJC_ISA_USAGE = YES_ERROR;
				CLANG_WARN_EMPTY_BODY = YES;
				CLANG_WARN_ENUM_CONVERSION = YES;
				CLANG_WARN_INT_CONVERSION = YES;
				CLANG_WARN_OBJC_ROOT_CLASS = YES_ERROR;
				CLANG_WARN_UNREACHABLE_CODE = YES;
				CLANG_WARN__DUPLICATE_METHOD_MATCH = YES;
				"CODE_SIGN_IDENTITY[sdk=iphoneos*]" = "iPhone Developer";
				COPY_PHASE_STRIP = NO;
				ENABLE_STRICT_OBJC_MSGSEND = YES;
				GCC_C_LANGUAGE_STANDARD = gnu99;
				GCC_DYNAMIC_NO_PIC = NO;
				GCC_OPTIMIZATION_LEVEL = 0;
				GCC_PREPROCESSOR_DEFINITIONS = (
					"DEBUG=1",
					"$(inherited)",
				);
				GCC_SYMBOLS_PRIVATE_EXTERN = NO;
				GCC_WARN_64_TO_32_BIT_CONVERSION = YES;
				GCC_WARN_ABOUT_RETURN_TYPE = YES_ERROR;
				GCC_WARN_UNDECLARED_SELECTOR = YES;
				GCC_WARN_UNINITIALIZED_AUTOS = YES_AGGRESSIVE;
				GCC_WARN_UNUSED_FUNCTION = YES;
				GCC_WARN_UNUSED_VARIABLE = YES;
				IPHONEOS_DEPLOYMENT_TARGET = 8.1;
				MTL_ENABLE_DEBUG_INFO = YES;
				ONLY_ACTIVE_ARCH = YES;
				SDKROOT = iphoneos;
				SWIFT_OPTIMIZATION_LEVEL = "-Onone";
				TARGETED_DEVICE_FAMILY = "1,2";
			};
			name = Debug;
		};
		27DE7B571A854C34009A6B17 /* Release */ = {
			isa = XCBuildConfiguration;
			buildSettings = {
				ALWAYS_SEARCH_USER_PATHS = NO;
				CLANG_CXX_LANGUAGE_STANDARD = "gnu++0x";
				CLANG_CXX_LIBRARY = "libc++";
				CLANG_ENABLE_MODULES = YES;
				CLANG_ENABLE_OBJC_ARC = YES;
				CLANG_WARN_BOOL_CONVERSION = YES;
				CLANG_WARN_CONSTANT_CONVERSION = YES;
				CLANG_WARN_DIRECT_OBJC_ISA_USAGE = YES_ERROR;
				CLANG_WARN_EMPTY_BODY = YES;
				CLANG_WARN_ENUM_CONVERSION = YES;
				CLANG_WARN_INT_CONVERSION = YES;
				CLANG_WARN_OBJC_ROOT_CLASS = YES_ERROR;
				CLANG_WARN_UNREACHABLE_CODE = YES;
				CLANG_WARN__DUPLICATE_METHOD_MATCH = YES;
				"CODE_SIGN_IDENTITY[sdk=iphoneos*]" = "iPhone Developer";
				COPY_PHASE_STRIP = NO;
				ENABLE_NS_ASSERTIONS = NO;
				ENABLE_STRICT_OBJC_MSGSEND = YES;
				GCC_C_LANGUAGE_STANDARD = gnu99;
				GCC_WARN_64_TO_32_BIT_CONVERSION = YES;
				GCC_WARN_ABOUT_RETURN_TYPE = YES_ERROR;
				GCC_WARN_UNDECLARED_SELECTOR = YES;
				GCC_WARN_UNINITIALIZED_AUTOS = YES_AGGRESSIVE;
				GCC_WARN_UNUSED_FUNCTION = YES;
				GCC_WARN_UNUSED_VARIABLE = YES;
				IPHONEOS_DEPLOYMENT_TARGET = 8.1;
				MTL_ENABLE_DEBUG_INFO = NO;
				SDKROOT = iphoneos;
				TARGETED_DEVICE_FAMILY = "1,2";
				VALIDATE_PRODUCT = YES;
			};
			name = Release;
		};
		27DE7B591A854C34009A6B17 /* Debug */ = {
			isa = XCBuildConfiguration;
			baseConfigurationReference = 52562B0DA4F534F263DD7BF0 /* Pods.debug.xcconfig */;
			buildSettings = {
				ASSETCATALOG_COMPILER_APPICON_NAME = AppIcon;
				ASSETCATALOG_COMPILER_LAUNCHIMAGE_NAME = LaunchImage;
				CODE_SIGN_IDENTITY = "iPhone Developer";
				"CODE_SIGN_IDENTITY[sdk=iphoneos*]" = "iPhone Developer";
				INFOPLIST_FILE = "codepath-assignment1/Info.plist";
				IPHONEOS_DEPLOYMENT_TARGET = 8.1;
				LD_RUNPATH_SEARCH_PATHS = "$(inherited) @executable_path/Frameworks";
				PRODUCT_NAME = "$(TARGET_NAME)";
				PROVISIONING_PROFILE = "";
				SWIFT_OBJC_BRIDGING_HEADER = "codepath-assignment1-Bridging-Header.h";
			};
			name = Debug;
		};
		27DE7B5A1A854C34009A6B17 /* Release */ = {
			isa = XCBuildConfiguration;
			baseConfigurationReference = 4DEBA81495A6A131C82FC546 /* Pods.release.xcconfig */;
			buildSettings = {
				ASSETCATALOG_COMPILER_APPICON_NAME = AppIcon;
				ASSETCATALOG_COMPILER_LAUNCHIMAGE_NAME = LaunchImage;
				CODE_SIGN_IDENTITY = "iPhone Developer";
				"CODE_SIGN_IDENTITY[sdk=iphoneos*]" = "iPhone Developer";
				INFOPLIST_FILE = "codepath-assignment1/Info.plist";
				IPHONEOS_DEPLOYMENT_TARGET = 8.1;
				LD_RUNPATH_SEARCH_PATHS = "$(inherited) @executable_path/Frameworks";
				PRODUCT_NAME = "$(TARGET_NAME)";
				PROVISIONING_PROFILE = "";
				SWIFT_OBJC_BRIDGING_HEADER = "codepath-assignment1-Bridging-Header.h";
			};
			name = Release;
		};
		27DE7B5C1A854C34009A6B17 /* Debug */ = {
			isa = XCBuildConfiguration;
			buildSettings = {
				BUNDLE_LOADER = "$(TEST_HOST)";
				FRAMEWORK_SEARCH_PATHS = (
					"$(SDKROOT)/Developer/Library/Frameworks",
					"$(inherited)",
				);
				GCC_PREPROCESSOR_DEFINITIONS = (
					"DEBUG=1",
					"$(inherited)",
				);
				INFOPLIST_FILE = "codepath-assignment1Tests/Info.plist";
				IPHONEOS_DEPLOYMENT_TARGET = 8.1;
				LD_RUNPATH_SEARCH_PATHS = "$(inherited) @executable_path/Frameworks @loader_path/Frameworks";
				PRODUCT_NAME = "$(TARGET_NAME)";
				TEST_HOST = "$(BUILT_PRODUCTS_DIR)/codepath-assignment1.app/codepath-assignment1";
			};
			name = Debug;
		};
		27DE7B5D1A854C34009A6B17 /* Release */ = {
			isa = XCBuildConfiguration;
			buildSettings = {
				BUNDLE_LOADER = "$(TEST_HOST)";
				FRAMEWORK_SEARCH_PATHS = (
					"$(SDKROOT)/Developer/Library/Frameworks",
					"$(inherited)",
				);
				INFOPLIST_FILE = "codepath-assignment1Tests/Info.plist";
				IPHONEOS_DEPLOYMENT_TARGET = 8.1;
				LD_RUNPATH_SEARCH_PATHS = "$(inherited) @executable_path/Frameworks @loader_path/Frameworks";
				PRODUCT_NAME = "$(TARGET_NAME)";
				TEST_HOST = "$(BUILT_PRODUCTS_DIR)/codepath-assignment1.app/codepath-assignment1";
			};
			name = Release;
		};
/* End XCBuildConfiguration section */

/* Begin XCConfigurationList section */
		27DE7B341A854C34009A6B17 /* Build configuration list for PBXProject "codepath-assignment1" */ = {
			isa = XCConfigurationList;
			buildConfigurations = (
				27DE7B561A854C34009A6B17 /* Debug */,
				27DE7B571A854C34009A6B17 /* Release */,
			);
			defaultConfigurationIsVisible = 0;
			defaultConfigurationName = Release;
		};
		27DE7B581A854C34009A6B17 /* Build configuration list for PBXNativeTarget "codepath-assignment1" */ = {
			isa = XCConfigurationList;
			buildConfigurations = (
				27DE7B591A854C34009A6B17 /* Debug */,
				27DE7B5A1A854C34009A6B17 /* Release */,
			);
			defaultConfigurationIsVisible = 0;
			defaultConfigurationName = Release;
		};
		27DE7B5B1A854C34009A6B17 /* Build configuration list for PBXNativeTarget "codepath-assignment1Tests" */ = {
			isa = XCConfigurationList;
			buildConfigurations = (
				27DE7B5C1A854C34009A6B17 /* Debug */,
				27DE7B5D1A854C34009A6B17 /* Release */,
			);
			defaultConfigurationIsVisible = 0;
			defaultConfigurationName = Release;
		};
/* End XCConfigurationList section */
	};
	rootObject = 27DE7B311A854C34009A6B17 /* Project object */;
}
