// !$*UTF8*$!
{
	archiveVersion = 1;
	classes = {
	};
	objectVersion = 46;
	objects = {

/* Begin PBXBuildFile section */
		3BD205321A80830D00109537 /* AppDelegate.swift in Sources */ = {isa = PBXBuildFile; fileRef = 3BD205311A80830D00109537 /* AppDelegate.swift */; };
		3BD205341A80830D00109537 /* ViewController.swift in Sources */ = {isa = PBXBuildFile; fileRef = 3BD205331A80830D00109537 /* ViewController.swift */; };
		3BD205371A80830D00109537 /* Main.storyboard in Resources */ = {isa = PBXBuildFile; fileRef = 3BD205351A80830D00109537 /* Main.storyboard */; };
		3BD205391A80830D00109537 /* Images.xcassets in Resources */ = {isa = PBXBuildFile; fileRef = 3BD205381A80830D00109537 /* Images.xcassets */; };
		3BD2053C1A80830D00109537 /* LaunchScreen.xib in Resources */ = {isa = PBXBuildFile; fileRef = 3BD2053A1A80830D00109537 /* LaunchScreen.xib */; };
		3BD205481A80830D00109537 /* codepath_assignment1Tests.swift in Sources */ = {isa = PBXBuildFile; fileRef = 3BD205471A80830D00109537 /* codepath_assignment1Tests.swift */; };
/* End PBXBuildFile section */

/* Begin PBXContainerItemProxy section */
		3BD205421A80830D00109537 /* PBXContainerItemProxy */ = {
			isa = PBXContainerItemProxy;
			containerPortal = 3BD205241A80830D00109537 /* Project object */;
			proxyType = 1;
			remoteGlobalIDString = 3BD2052B1A80830D00109537;
			remoteInfo = "codepath-assignment1";
		};
/* End PBXContainerItemProxy section */

/* Begin PBXFileReference section */
		3BD2052C1A80830D00109537 /* codepath-assignment1.app */ = {isa = PBXFileReference; explicitFileType = wrapper.application; includeInIndex = 0; path = "codepath-assignment1.app"; sourceTree = BUILT_PRODUCTS_DIR; };
		3BD205301A80830D00109537 /* Info.plist */ = {isa = PBXFileReference; lastKnownFileType = text.plist.xml; path = Info.plist; sourceTree = "<group>"; };
		3BD205311A80830D00109537 /* AppDelegate.swift */ = {isa = PBXFileReference; lastKnownFileType = sourcecode.swift; path = AppDelegate.swift; sourceTree = "<group>"; };
		3BD205331A80830D00109537 /* ViewController.swift */ = {isa = PBXFileReference; lastKnownFileType = sourcecode.swift; path = ViewController.swift; sourceTree = "<group>"; };
		3BD205361A80830D00109537 /* Base */ = {isa = PBXFileReference; lastKnownFileType = file.storyboard; name = Base; path = Base.lproj/Main.storyboard; sourceTree = "<group>"; };
		3BD205381A80830D00109537 /* Images.xcassets */ = {isa = PBXFileReference; lastKnownFileType = folder.assetcatalog; path = Images.xcassets; sourceTree = "<group>"; };
		3BD2053B1A80830D00109537 /* Base */ = {isa = PBXFileReference; lastKnownFileType = file.xib; name = Base; path = Base.lproj/LaunchScreen.xib; sourceTree = "<group>"; };
		3BD205411A80830D00109537 /* codepath-assignment1Tests.xctest */ = {isa = PBXFileReference; explicitFileType = wrapper.cfbundle; includeInIndex = 0; path = "codepath-assignment1Tests.xctest"; sourceTree = BUILT_PRODUCTS_DIR; };
		3BD205461A80830D00109537 /* Info.plist */ = {isa = PBXFileReference; lastKnownFileType = text.plist.xml; path = Info.plist; sourceTree = "<group>"; };
		3BD205471A80830D00109537 /* codepath_assignment1Tests.swift */ = {isa = PBXFileReference; lastKnownFileType = sourcecode.swift; path = codepath_assignment1Tests.swift; sourceTree = "<group>"; };
		3BD205521A808A1E00109537 /* scratch.playground */ = {isa = PBXFileReference; lastKnownFileType = file.playground; path = scratch.playground; sourceTree = "<group>"; };
/* End PBXFileReference section */

/* Begin PBXFrameworksBuildPhase section */
		3BD205291A80830D00109537 /* Frameworks */ = {
			isa = PBXFrameworksBuildPhase;
			buildActionMask = 2147483647;
			files = (
			);
			runOnlyForDeploymentPostprocessing = 0;
		};
		3BD2053E1A80830D00109537 /* Frameworks */ = {
			isa = PBXFrameworksBuildPhase;
			buildActionMask = 2147483647;
			files = (
			);
			runOnlyForDeploymentPostprocessing = 0;
		};
/* End PBXFrameworksBuildPhase section */

/* Begin PBXGroup section */
		3BD205231A80830D00109537 = {
			isa = PBXGroup;
			children = (
				3BD205521A808A1E00109537 /* scratch.playground */,
				3BD2052E1A80830D00109537 /* codepath-assignment1 */,
				3BD205441A80830D00109537 /* codepath-assignment1Tests */,
				3BD2052D1A80830D00109537 /* Products */,
			);
			sourceTree = "<group>";
		};
		3BD2052D1A80830D00109537 /* Products */ = {
			isa = PBXGroup;
			children = (
				3BD2052C1A80830D00109537 /* codepath-assignment1.app */,
				3BD205411A80830D00109537 /* codepath-assignment1Tests.xctest */,
			);
			name = Products;
			sourceTree = "<group>";
		};
		3BD2052E1A80830D00109537 /* codepath-assignment1 */ = {
			isa = PBXGroup;
			children = (
				3BD205311A80830D00109537 /* AppDelegate.swift */,
				3BD205331A80830D00109537 /* ViewController.swift */,
				3BD205351A80830D00109537 /* Main.storyboard */,
				3BD205381A80830D00109537 /* Images.xcassets */,
				3BD2053A1A80830D00109537 /* LaunchScreen.xib */,
				3BD2052F1A80830D00109537 /* Supporting Files */,
			);
			path = "codepath-assignment1";
			sourceTree = "<group>";
		};
		3BD2052F1A80830D00109537 /* Supporting Files */ = {
			isa = PBXGroup;
			children = (
				3BD205301A80830D00109537 /* Info.plist */,
			);
			name = "Supporting Files";
			sourceTree = "<group>";
		};
		3BD205441A80830D00109537 /* codepath-assignment1Tests */ = {
			isa = PBXGroup;
			children = (
				3BD205471A80830D00109537 /* codepath_assignment1Tests.swift */,
				3BD205451A80830D00109537 /* Supporting Files */,
			);
			path = "codepath-assignment1Tests";
			sourceTree = "<group>";
		};
		3BD205451A80830D00109537 /* Supporting Files */ = {
			isa = PBXGroup;
			children = (
				3BD205461A80830D00109537 /* Info.plist */,
			);
			name = "Supporting Files";
			sourceTree = "<group>";
		};
/* End PBXGroup section */

/* Begin PBXNativeTarget section */
		3BD2052B1A80830D00109537 /* codepath-assignment1 */ = {
			isa = PBXNativeTarget;
			buildConfigurationList = 3BD2054B1A80830D00109537 /* Build configuration list for PBXNativeTarget "codepath-assignment1" */;
			buildPhases = (
				3BD205281A80830D00109537 /* Sources */,
				3BD205291A80830D00109537 /* Frameworks */,
				3BD2052A1A80830D00109537 /* Resources */,
			);
			buildRules = (
			);
			dependencies = (
			);
			name = "codepath-assignment1";
			productName = "codepath-assignment1";
			productReference = 3BD2052C1A80830D00109537 /* codepath-assignment1.app */;
			productType = "com.apple.product-type.application";
		};
		3BD205401A80830D00109537 /* codepath-assignment1Tests */ = {
			isa = PBXNativeTarget;
			buildConfigurationList = 3BD2054E1A80830D00109537 /* Build configuration list for PBXNativeTarget "codepath-assignment1Tests" */;
			buildPhases = (
				3BD2053D1A80830D00109537 /* Sources */,
				3BD2053E1A80830D00109537 /* Frameworks */,
				3BD2053F1A80830D00109537 /* Resources */,
			);
			buildRules = (
			);
			dependencies = (
				3BD205431A80830D00109537 /* PBXTargetDependency */,
			);
			name = "codepath-assignment1Tests";
			productName = "codepath-assignment1Tests";
			productReference = 3BD205411A80830D00109537 /* codepath-assignment1Tests.xctest */;
			productType = "com.apple.product-type.bundle.unit-test";
		};
/* End PBXNativeTarget section */

/* Begin PBXProject section */
		3BD205241A80830D00109537 /* Project object */ = {
			isa = PBXProject;
			attributes = {
				LastUpgradeCheck = 0610;
				ORGANIZATIONNAME = "Michael Lewis";
				TargetAttributes = {
					3BD2052B1A80830D00109537 = {
						CreatedOnToolsVersion = 6.1.1;
					};
					3BD205401A80830D00109537 = {
						CreatedOnToolsVersion = 6.1.1;
						TestTargetID = 3BD2052B1A80830D00109537;
					};
				};
			};
			buildConfigurationList = 3BD205271A80830D00109537 /* Build configuration list for PBXProject "codepath-assignment1" */;
			compatibilityVersion = "Xcode 3.2";
			developmentRegion = English;
			hasScannedForEncodings = 0;
			knownRegions = (
				en,
				Base,
			);
			mainGroup = 3BD205231A80830D00109537;
			productRefGroup = 3BD2052D1A80830D00109537 /* Products */;
			projectDirPath = "";
			projectRoot = "";
			targets = (
				3BD2052B1A80830D00109537 /* codepath-assignment1 */,
				3BD205401A80830D00109537 /* codepath-assignment1Tests */,
			);
		};
/* End PBXProject section */

/* Begin PBXResourcesBuildPhase section */
		3BD2052A1A80830D00109537 /* Resources */ = {
			isa = PBXResourcesBuildPhase;
			buildActionMask = 2147483647;
			files = (
				3BD205371A80830D00109537 /* Main.storyboard in Resources */,
				3BD2053C1A80830D00109537 /* LaunchScreen.xib in Resources */,
				3BD205391A80830D00109537 /* Images.xcassets in Resources */,
			);
			runOnlyForDeploymentPostprocessing = 0;
		};
		3BD2053F1A80830D00109537 /* Resources */ = {
			isa = PBXResourcesBuildPhase;
			buildActionMask = 2147483647;
			files = (
			);
			runOnlyForDeploymentPostprocessing = 0;
		};
/* End PBXResourcesBuildPhase section */

/* Begin PBXSourcesBuildPhase section */
		3BD205281A80830D00109537 /* Sources */ = {
			isa = PBXSourcesBuildPhase;
			buildActionMask = 2147483647;
			files = (
				3BD205341A80830D00109537 /* ViewController.swift in Sources */,
				3BD205321A80830D00109537 /* AppDelegate.swift in Sources */,
			);
			runOnlyForDeploymentPostprocessing = 0;
		};
		3BD2053D1A80830D00109537 /* Sources */ = {
			isa = PBXSourcesBuildPhase;
			buildActionMask = 2147483647;
			files = (
				3BD205481A80830D00109537 /* codepath_assignment1Tests.swift in Sources */,
			);
			runOnlyForDeploymentPostprocessing = 0;
		};
/* End PBXSourcesBuildPhase section */

/* Begin PBXTargetDependency section */
		3BD205431A80830D00109537 /* PBXTargetDependency */ = {
			isa = PBXTargetDependency;
			target = 3BD2052B1A80830D00109537 /* codepath-assignment1 */;
			targetProxy = 3BD205421A80830D00109537 /* PBXContainerItemProxy */;
		};
/* End PBXTargetDependency section */

/* Begin PBXVariantGroup section */
		3BD205351A80830D00109537 /* Main.storyboard */ = {
			isa = PBXVariantGroup;
			children = (
				3BD205361A80830D00109537 /* Base */,
			);
			name = Main.storyboard;
			sourceTree = "<group>";
		};
		3BD2053A1A80830D00109537 /* LaunchScreen.xib */ = {
			isa = PBXVariantGroup;
			children = (
				3BD2053B1A80830D00109537 /* Base */,
			);
			name = LaunchScreen.xib;
			sourceTree = "<group>";
		};
/* End PBXVariantGroup section */

/* Begin XCBuildConfiguration section */
		3BD205491A80830D00109537 /* Debug */ = {
			isa = XCBuildConfiguration;
			buildSettings = {
				ALWAYS_SEARCH_USER_PATHS = NO;
				CLANG_CXX_LANGUAGE_STANDARD = "gnu++0x";
				CLANG_CXX_LIBRARY = "libc++";
				CLANG_ENABLE_MODULES = YES;
				CLANG_ENABLE_OBJC_ARC = YES;
				CLANG_WARN_BOOL_CONVERSION = YES;
				CLANG_WARN_CONSTANT_CONVERSION = YES;
				CLANG_WARN_DIRECT_OBJC_ISA_USAGE = YES_ERROR;
				CLANG_WARN_EMPTY_BODY = YES;
				CLANG_WARN_ENUM_CONVERSION = YES;
				CLANG_WARN_INT_CONVERSION = YES;
				CLANG_WARN_OBJC_ROOT_CLASS = YES_ERROR;
				CLANG_WARN_UNREACHABLE_CODE = YES;
				CLANG_WARN__DUPLICATE_METHOD_MATCH = YES;
				"CODE_SIGN_IDENTITY[sdk=iphoneos*]" = "iPhone Developer";
				COPY_PHASE_STRIP = NO;
				ENABLE_STRICT_OBJC_MSGSEND = YES;
				GCC_C_LANGUAGE_STANDARD = gnu99;
				GCC_DYNAMIC_NO_PIC = NO;
				GCC_OPTIMIZATION_LEVEL = 0;
				GCC_PREPROCESSOR_DEFINITIONS = (
					"DEBUG=1",
					"$(inherited)",
				);
				GCC_SYMBOLS_PRIVATE_EXTERN = NO;
				GCC_WARN_64_TO_32_BIT_CONVERSION = YES;
				GCC_WARN_ABOUT_RETURN_TYPE = YES_ERROR;
				GCC_WARN_UNDECLARED_SELECTOR = YES;
				GCC_WARN_UNINITIALIZED_AUTOS = YES_AGGRESSIVE;
				GCC_WARN_UNUSED_FUNCTION = YES;
				GCC_WARN_UNUSED_VARIABLE = YES;
				IPHONEOS_DEPLOYMENT_TARGET = 8.1;
				MTL_ENABLE_DEBUG_INFO = YES;
				ONLY_ACTIVE_ARCH = YES;
				SDKROOT = iphoneos;
				SWIFT_OPTIMIZATION_LEVEL = "-Onone";
				TARGETED_DEVICE_FAMILY = "1,2";
			};
			name = Debug;
		};
		3BD2054A1A80830D00109537 /* Release */ = {
			isa = XCBuildConfiguration;
			buildSettings = {
				ALWAYS_SEARCH_USER_PATHS = NO;
				CLANG_CXX_LANGUAGE_STANDARD = "gnu++0x";
				CLANG_CXX_LIBRARY = "libc++";
				CLANG_ENABLE_MODULES = YES;
				CLANG_ENABLE_OBJC_ARC = YES;
				CLANG_WARN_BOOL_CONVERSION = YES;
				CLANG_WARN_CONSTANT_CONVERSION = YES;
				CLANG_WARN_DIRECT_OBJC_ISA_USAGE = YES_ERROR;
				CLANG_WARN_EMPTY_BODY = YES;
				CLANG_WARN_ENUM_CONVERSION = YES;
				CLANG_WARN_INT_CONVERSION = YES;
				CLANG_WARN_OBJC_ROOT_CLASS = YES_ERROR;
				CLANG_WARN_UNREACHABLE_CODE = YES;
				CLANG_WARN__DUPLICATE_METHOD_MATCH = YES;
				"CODE_SIGN_IDENTITY[sdk=iphoneos*]" = "iPhone Developer";
				COPY_PHASE_STRIP = YES;
				ENABLE_NS_ASSERTIONS = NO;
				ENABLE_STRICT_OBJC_MSGSEND = YES;
				GCC_C_LANGUAGE_STANDARD = gnu99;
				GCC_WARN_64_TO_32_BIT_CONVERSION = YES;
				GCC_WARN_ABOUT_RETURN_TYPE = YES_ERROR;
				GCC_WARN_UNDECLARED_SELECTOR = YES;
				GCC_WARN_UNINITIALIZED_AUTOS = YES_AGGRESSIVE;
				GCC_WARN_UNUSED_FUNCTION = YES;
				GCC_WARN_UNUSED_VARIABLE = YES;
				IPHONEOS_DEPLOYMENT_TARGET = 8.1;
				MTL_ENABLE_DEBUG_INFO = NO;
				SDKROOT = iphoneos;
				TARGETED_DEVICE_FAMILY = "1,2";
				VALIDATE_PRODUCT = YES;
			};
			name = Release;
		};
		3BD2054C1A80830D00109537 /* Debug */ = {
			isa = XCBuildConfiguration;
			buildSettings = {
				ASSETCATALOG_COMPILER_APPICON_NAME = AppIcon;
				INFOPLIST_FILE = "codepath-assignment1/Info.plist";
				LD_RUNPATH_SEARCH_PATHS = "$(inherited) @executable_path/Frameworks";
				PRODUCT_NAME = "$(TARGET_NAME)";
			};
			name = Debug;
		};
		3BD2054D1A80830D00109537 /* Release */ = {
			isa = XCBuildConfiguration;
			buildSettings = {
				ASSETCATALOG_COMPILER_APPICON_NAME = AppIcon;
				INFOPLIST_FILE = "codepath-assignment1/Info.plist";
				LD_RUNPATH_SEARCH_PATHS = "$(inherited) @executable_path/Frameworks";
				PRODUCT_NAME = "$(TARGET_NAME)";
			};
			name = Release;
		};
		3BD2054F1A80830D00109537 /* Debug */ = {
			isa = XCBuildConfiguration;
			buildSettings = {
				BUNDLE_LOADER = "$(TEST_HOST)";
				FRAMEWORK_SEARCH_PATHS = (
					"$(SDKROOT)/Developer/Library/Frameworks",
					"$(inherited)",
				);
				GCC_PREPROCESSOR_DEFINITIONS = (
					"DEBUG=1",
					"$(inherited)",
				);
				INFOPLIST_FILE = "codepath-assignment1Tests/Info.plist";
				LD_RUNPATH_SEARCH_PATHS = "$(inherited) @executable_path/Frameworks @loader_path/Frameworks";
				PRODUCT_NAME = "$(TARGET_NAME)";
				TEST_HOST = "$(BUILT_PRODUCTS_DIR)/codepath-assignment1.app/codepath-assignment1";
			};
			name = Debug;
		};
		3BD205501A80830D00109537 /* Release */ = {
			isa = XCBuildConfiguration;
			buildSettings = {
				BUNDLE_LOADER = "$(TEST_HOST)";
				FRAMEWORK_SEARCH_PATHS = (
					"$(SDKROOT)/Developer/Library/Frameworks",
					"$(inherited)",
				);
				INFOPLIST_FILE = "codepath-assignment1Tests/Info.plist";
				LD_RUNPATH_SEARCH_PATHS = "$(inherited) @executable_path/Frameworks @loader_path/Frameworks";
				PRODUCT_NAME = "$(TARGET_NAME)";
				TEST_HOST = "$(BUILT_PRODUCTS_DIR)/codepath-assignment1.app/codepath-assignment1";
			};
			name = Release;
		};
/* End XCBuildConfiguration section */

/* Begin XCConfigurationList section */
		3BD205271A80830D00109537 /* Build configuration list for PBXProject "codepath-assignment1" */ = {
			isa = XCConfigurationList;
			buildConfigurations = (
				3BD205491A80830D00109537 /* Debug */,
				3BD2054A1A80830D00109537 /* Release */,
			);
			defaultConfigurationIsVisible = 0;
			defaultConfigurationName = Release;
		};
		3BD2054B1A80830D00109537 /* Build configuration list for PBXNativeTarget "codepath-assignment1" */ = {
			isa = XCConfigurationList;
			buildConfigurations = (
				3BD2054C1A80830D00109537 /* Debug */,
				3BD2054D1A80830D00109537 /* Release */,
			);
			defaultConfigurationIsVisible = 0;
			defaultConfigurationName = Release;
		};
		3BD2054E1A80830D00109537 /* Build configuration list for PBXNativeTarget "codepath-assignment1Tests" */ = {
			isa = XCConfigurationList;
			buildConfigurations = (
				3BD2054F1A80830D00109537 /* Debug */,
				3BD205501A80830D00109537 /* Release */,
			);
			defaultConfigurationIsVisible = 0;
			defaultConfigurationName = Release;
		};
/* End XCConfigurationList section */
	};
	rootObject = 3BD205241A80830D00109537 /* Project object */;
}
